<?xml version="1.0" encoding="utf-8"?>
<Project ToolsVersion="4.0" xmlns="http://schemas.microsoft.com/developer/msbuild/2003">
  <ItemGroup>
    <Filter Include="소스 파일">
      <UniqueIdentifier>{4FC737F1-C7A5-4376-A066-2A32D752A2FF}</UniqueIdentifier>
      <Extensions>cpp;c;cc;cxx;def;odl;idl;hpj;bat;asm;asmx</Extensions>
    </Filter>
    <Filter Include="헤더 파일">
      <UniqueIdentifier>{93995380-89BD-4b04-88EB-625FBE52EBFB}</UniqueIdentifier>
      <Extensions>h;hh;hpp;hxx;hm;inl;inc;ipp;xsd</Extensions>
    </Filter>
    <Filter Include="리소스 파일">
      <UniqueIdentifier>{67DA6AB6-F800-4c08-8B7A-83BB121AAD01}</UniqueIdentifier>
      <Extensions>rc;ico;cur;bmp;dlg;rc2;rct;bin;rgs;gif;jpg;jpeg;jpe;resx;tiff;tif;png;wav;mfcribbon-ms</Extensions>
    </Filter>
  </ItemGroup>
  <ItemGroup>
    <ClInclude Include="cppmaster.h">
      <Filter>헤더 파일</Filter>
    </ClInclude>
    <ClInclude Include="point.h">
      <Filter>헤더 파일</Filter>
    </ClInclude>
  </ItemGroup>
  <ItemGroup>
    <ClCompile Include="01_hello1.cpp">
      <Filter>소스 파일</Filter>
    </ClCompile>
    <ClCompile Include="01_hello2.cpp">
      <Filter>소스 파일</Filter>
    </ClCompile>
    <ClCompile Include="08_템플릿컴파일.cpp">
      <Filter>소스 파일</Filter>
    </ClCompile>
    <ClCompile Include="01_thiscall1.cpp">
      <Filter>소스 파일</Filter>
    </ClCompile>
    <ClCompile Include="01_thiscall2.cpp">
      <Filter>소스 파일</Filter>
    </ClCompile>
    <ClCompile Include="01_thiscall3.cpp">
      <Filter>소스 파일</Filter>
    </ClCompile>
    <ClCompile Include="01_thiscall4.cpp">
      <Filter>소스 파일</Filter>
    </ClCompile>
    <ClCompile Include="01_thiscall5.cpp">
      <Filter>소스 파일</Filter>
    </ClCompile>
    <ClCompile Include="01_thiscall6.cpp">
      <Filter>소스 파일</Filter>
    </ClCompile>
    <ClCompile Include="01_thiscall7.cpp">
      <Filter>소스 파일</Filter>
    </ClCompile>
    <ClCompile Include="01_thiscall8.cpp">
      <Filter>소스 파일</Filter>
    </ClCompile>
    <ClCompile Include="02_new1.cpp">
      <Filter>소스 파일</Filter>
    </ClCompile>
    <ClCompile Include="02_new2.cpp">
      <Filter>소스 파일</Filter>
    </ClCompile>
    <ClCompile Include="02_new3.cpp">
      <Filter>소스 파일</Filter>
    </ClCompile>
    <ClCompile Include="02_new4.cpp">
      <Filter>소스 파일</Filter>
    </ClCompile>
    <ClCompile Include="02_new5.cpp">
      <Filter>소스 파일</Filter>
    </ClCompile>
    <ClCompile Include="02_new6.cpp">
      <Filter>소스 파일</Filter>
    </ClCompile>
    <ClCompile Include="02_new7.cpp">
      <Filter>소스 파일</Filter>
    </ClCompile>
    <ClCompile Include="02_new8.cpp">
      <Filter>소스 파일</Filter>
    </ClCompile>
    <ClCompile Include="05_using.cpp">
      <Filter>소스 파일</Filter>
    </ClCompile>
    <ClCompile Include="05_using2.cpp">
      <Filter>소스 파일</Filter>
    </ClCompile>
    <ClCompile Include="03_constexpr1.cpp">
      <Filter>소스 파일</Filter>
    </ClCompile>
    <ClCompile Include="03_constexpr2.cpp">
      <Filter>소스 파일</Filter>
    </ClCompile>
    <ClCompile Include="03_constexpr3.cpp">
      <Filter>소스 파일</Filter>
    </ClCompile>
    <ClCompile Include="03_constexpr4.cpp">
      <Filter>소스 파일</Filter>
    </ClCompile>
    <ClCompile Include="06_typename1.cpp">
      <Filter>소스 파일</Filter>
    </ClCompile>
    <ClCompile Include="06_typename2.cpp">
      <Filter>소스 파일</Filter>
    </ClCompile>
    <ClCompile Include="06_typename3.cpp">
      <Filter>소스 파일</Filter>
    </ClCompile>
    <ClCompile Include="06_typename4.cpp">
      <Filter>소스 파일</Filter>
    </ClCompile>
    <ClCompile Include="07_지연된인스턴스화1.cpp">
      <Filter>소스 파일</Filter>
    </ClCompile>
    <ClCompile Include="07_지연된인스턴스화2.cpp">
      <Filter>소스 파일</Filter>
    </ClCompile>
    <ClCompile Include="04_static_assert.cpp">
      <Filter>소스 파일</Filter>
    </ClCompile>
    <ClCompile Include="04_static_assert2.cpp">
      <Filter>소스 파일</Filter>
    </ClCompile>
    <ClCompile Include="09_특수화.cpp">
      <Filter>소스 파일</Filter>
    </ClCompile>
    <ClCompile Include="09_특수화2.cpp">
      <Filter>소스 파일</Filter>
    </ClCompile>
    <ClCompile Include="10_traits1.cpp">
      <Filter>소스 파일</Filter>
    </ClCompile>
    <ClCompile Include="10_traits2.cpp">
      <Filter>소스 파일</Filter>
    </ClCompile>
    <ClCompile Include="10_Traits3.cpp">
      <Filter>소스 파일</Filter>
    </ClCompile>
    <ClCompile Include="10_Traits4.cpp">
      <Filter>소스 파일</Filter>
    </ClCompile>
    <ClCompile Include="10_Traits5.cpp">
      <Filter>소스 파일</Filter>
    </ClCompile>
    <ClCompile Include="10_Traits6.cpp">
      <Filter>소스 파일</Filter>
    </ClCompile>
    <ClCompile Include="10_Traits7.cpp">
      <Filter>소스 파일</Filter>
    </ClCompile>
    <ClCompile Include="10_Traits8.cpp">
      <Filter>소스 파일</Filter>
    </ClCompile>
    <ClCompile Include="10_Traits9.cpp">
      <Filter>소스 파일</Filter>
    </ClCompile>
    <ClCompile Include="10_Traits10.cpp">
      <Filter>소스 파일</Filter>
    </ClCompile>
    <ClCompile Include="10_Traits11.cpp">
      <Filter>소스 파일</Filter>
    </ClCompile>
    <ClCompile Include="10_Traits12.cpp">
      <Filter>소스 파일</Filter>
    </ClCompile>
    <ClCompile Include="10_Traits13.cpp">
      <Filter>소스 파일</Filter>
    </ClCompile>
    <ClCompile Include="10_Traits14.cpp">
      <Filter>소스 파일</Filter>
    </ClCompile>
    <ClCompile Include="11_SFINAE1.cpp">
      <Filter>소스 파일</Filter>
    </ClCompile>
    <ClCompile Include="11_SFINAE2.cpp">
      <Filter>소스 파일</Filter>
    </ClCompile>
    <ClCompile Include="11_SFINAE3.cpp">
      <Filter>소스 파일</Filter>
    </ClCompile>
    <ClCompile Include="12_enable_if1.cpp">
      <Filter>소스 파일</Filter>
    </ClCompile>
    <ClCompile Include="12_enable_if2.cpp">
      <Filter>소스 파일</Filter>
    </ClCompile>
    <ClCompile Include="12_enable_if3.cpp">
      <Filter>소스 파일</Filter>
    </ClCompile>
    <ClCompile Include="12_enable_if4.cpp">
      <Filter>소스 파일</Filter>
    </ClCompile>
    <ClCompile Include="템플릿기본.cpp">
      <Filter>소스 파일</Filter>
    </ClCompile>
    <ClCompile Include="템플릿기본2.cpp">
      <Filter>소스 파일</Filter>
    </ClCompile>
    <ClCompile Include="04_typename5.cpp">
      <Filter>소스 파일</Filter>
    </ClCompile>
  </ItemGroup>
</Project>