<?xml version="1.0" encoding="utf-8"?>
<Project ToolsVersion="4.0" xmlns="http://schemas.microsoft.com/developer/msbuild/2003">
  <ItemGroup>
    <Filter Include="소스 파일">
      <UniqueIdentifier>{4FC737F1-C7A5-4376-A066-2A32D752A2FF}</UniqueIdentifier>
      <Extensions>cpp;c;cc;cxx;def;odl;idl;hpj;bat;asm;asmx</Extensions>
    </Filter>
    <Filter Include="헤더 파일">
      <UniqueIdentifier>{93995380-89BD-4b04-88EB-625FBE52EBFB}</UniqueIdentifier>
      <Extensions>h;hh;hpp;hxx;hm;inl;inc;ipp;xsd</Extensions>
    </Filter>
    <Filter Include="리소스 파일">
      <UniqueIdentifier>{67DA6AB6-F800-4c08-8B7A-83BB121AAD01}</UniqueIdentifier>
      <Extensions>rc;ico;cur;bmp;dlg;rc2;rct;bin;rgs;gif;jpg;jpeg;jpe;resx;tiff;tif;png;wav;mfcribbon-ms</Extensions>
    </Filter>
  </ItemGroup>
  <ItemGroup>
    <ClCompile Include="01_STL의원리1.cpp">
      <Filter>소스 파일</Filter>
    </ClCompile>
    <ClCompile Include="01_STL의원리2.cpp">
      <Filter>소스 파일</Filter>
    </ClCompile>
    <ClCompile Include="01_STL의원리3.cpp">
      <Filter>소스 파일</Filter>
    </ClCompile>
    <ClCompile Include="01_STL의원리6.cpp">
      <Filter>소스 파일</Filter>
    </ClCompile>
    <ClCompile Include="01_STL의원리5.cpp">
      <Filter>소스 파일</Filter>
    </ClCompile>
    <ClCompile Include="01_STL의원리4.cpp">
      <Filter>소스 파일</Filter>
    </ClCompile>
    <ClCompile Include="01_STL의원리7.cpp">
      <Filter>소스 파일</Filter>
    </ClCompile>
    <ClCompile Include="01_STL의원리8.cpp">
      <Filter>소스 파일</Filter>
    </ClCompile>
    <ClCompile Include="01_STL의원리9.cpp">
      <Filter>소스 파일</Filter>
    </ClCompile>
    <ClCompile Include="02_반복자1.cpp">
      <Filter>소스 파일</Filter>
    </ClCompile>
    <ClCompile Include="02_반복자2.cpp">
      <Filter>소스 파일</Filter>
    </ClCompile>
    <ClCompile Include="02_반복자3.cpp">
      <Filter>소스 파일</Filter>
    </ClCompile>
    <ClCompile Include="03_반복자카테고리1.cpp">
      <Filter>소스 파일</Filter>
    </ClCompile>
    <ClCompile Include="03_반복자카테고리2.cpp">
      <Filter>소스 파일</Filter>
    </ClCompile>
    <ClCompile Include="03_반복자카테고리3.cpp">
      <Filter>소스 파일</Filter>
    </ClCompile>
    <ClCompile Include="03_반복자카테고리4.cpp">
      <Filter>소스 파일</Filter>
    </ClCompile>
    <ClCompile Include="04_알고리즘의특징.cpp">
      <Filter>소스 파일</Filter>
    </ClCompile>
    <ClCompile Include="04_알고리즘의특징2.cpp">
      <Filter>소스 파일</Filter>
    </ClCompile>
    <ClCompile Include="04_알고리즘의특징3.cpp">
      <Filter>소스 파일</Filter>
    </ClCompile>
    <ClCompile Include="05_알고리즘과함수2.cpp">
      <Filter>소스 파일</Filter>
    </ClCompile>
    <ClCompile Include="06_단위전략.cpp">
      <Filter>소스 파일</Filter>
    </ClCompile>
    <ClCompile Include="06_단위전략2.cpp">
      <Filter>소스 파일</Filter>
    </ClCompile>
    <ClCompile Include="07_스마트포인터1.cpp">
      <Filter>소스 파일</Filter>
    </ClCompile>
    <ClCompile Include="07_스마트포인터2.cpp">
      <Filter>소스 파일</Filter>
    </ClCompile>
    <ClCompile Include="07_스마트포인터3.cpp">
      <Filter>소스 파일</Filter>
    </ClCompile>
    <ClCompile Include="07_스마트포인터4.cpp">
      <Filter>소스 파일</Filter>
    </ClCompile>
    <ClCompile Include="07_스마트포인터5.cpp">
      <Filter>소스 파일</Filter>
    </ClCompile>
    <ClCompile Include="07_스마트포인터6.cpp">
      <Filter>소스 파일</Filter>
    </ClCompile>
    <ClCompile Include="07_스마트포인터7.cpp">
      <Filter>소스 파일</Filter>
    </ClCompile>
    <ClCompile Include="07_스마트포인터8.cpp">
      <Filter>소스 파일</Filter>
    </ClCompile>
    <ClCompile Include="07_스마트포인터9.cpp">
      <Filter>소스 파일</Filter>
    </ClCompile>
    <ClCompile Include="07_스마트포인터10.cpp">
      <Filter>소스 파일</Filter>
    </ClCompile>
    <ClCompile Include="07_스마트포인터11.cpp">
      <Filter>소스 파일</Filter>
    </ClCompile>
    <ClCompile Include="07_스마트포인터12.cpp">
      <Filter>소스 파일</Filter>
    </ClCompile>
    <ClCompile Include="09_가변인자템플릿.cpp">
      <Filter>소스 파일</Filter>
    </ClCompile>
    <ClCompile Include="09_가변인자템플릿2.cpp">
      <Filter>소스 파일</Filter>
    </ClCompile>
    <ClCompile Include="09_가변인자템플릿3.cpp">
      <Filter>소스 파일</Filter>
    </ClCompile>
    <ClCompile Include="05_알고리즘과함수.cpp">
      <Filter>소스 파일</Filter>
    </ClCompile>
    <ClCompile Include="10_tuple.cpp">
      <Filter>소스 파일</Filter>
    </ClCompile>
    <ClCompile Include="10_tuple2.cpp">
      <Filter>소스 파일</Filter>
    </ClCompile>
    <ClCompile Include="10_tuple3.cpp">
      <Filter>소스 파일</Filter>
    </ClCompile>
    <ClCompile Include="11_get.cpp">
      <Filter>소스 파일</Filter>
    </ClCompile>
    <ClCompile Include="11_get2.cpp">
      <Filter>소스 파일</Filter>
    </ClCompile>
    <ClCompile Include="11_get3.cpp">
      <Filter>소스 파일</Filter>
    </ClCompile>
    <ClCompile Include="11_get4.cpp">
      <Filter>소스 파일</Filter>
    </ClCompile>
    <ClCompile Include="08_bind1.cpp">
      <Filter>소스 파일</Filter>
    </ClCompile>
    <ClCompile Include="08_bind2.cpp">
      <Filter>소스 파일</Filter>
    </ClCompile>
    <ClCompile Include="08_bind3.cpp">
      <Filter>소스 파일</Filter>
    </ClCompile>
    <ClCompile Include="constexpr.cpp">
      <Filter>소스 파일</Filter>
    </ClCompile>
    <ClCompile Include="06_단위전략3.cpp">
      <Filter>소스 파일</Filter>
    </ClCompile>
    <ClCompile Include="06_단위전략4.cpp">
      <Filter>소스 파일</Filter>
    </ClCompile>
    <ClCompile Include="09_가변인자템플릿2_1.cpp">
      <Filter>소스 파일</Filter>
    </ClCompile>
    <ClCompile Include="09_가변인자템플릿2_2.cpp">
      <Filter>소스 파일</Filter>
    </ClCompile>
    <ClCompile Include="09_가변인자템플릿4.cpp">
      <Filter>소스 파일</Filter>
    </ClCompile>
    <ClCompile Include="QA.cpp">
      <Filter>소스 파일</Filter>
    </ClCompile>
  </ItemGroup>
</Project>